
Microsoft Visual Studio Solution File, Format Version 12.00
# Visual Studio 2013
VisualStudioVersion = 12.0.31101.0
MinimumVisualStudioVersion = 10.0.40219.1
Project("{FAE04EC0-301F-11D3-BF4B-00C04F79EFBC}") = "LabClases1", "LabClases1\LabClases1.csproj", "{F42A31DD-DDEC-46AB-9122-3A7BC8D08044}"
EndProject
Project("{FAE04EC0-301F-11D3-BF4B-00C04F79EFBC}") = "Clases", "Clases\Clases.csproj", "{3D4BAB50-B6CC-4A49-857D-18753640E22C}"
EndProject
Project("{FAE04EC0-301F-11D3-BF4B-00C04F79EFBC}") = "LabClases2", "LabClases2\LabClases2.csproj", "{4896CBFA-88C0-41D0-9336-7575CB1B81F1}"
EndProject
Project("{FAE04EC0-301F-11D3-BF4B-00C04F79EFBC}") = "Clases2", "Clases2\Clases2.csproj", "{9FB667A2-6FD3-4F87-B79D-29A30AB3E1B6}"
EndProject
Project("{FAE04EC0-301F-11D3-BF4B-00C04F79EFBC}") = "Geometria", "Geometria\Geometria.csproj", "{907B2123-1784-42CC-9392-EF6FB40B9BF2}"
EndProject
Project("{FAE04EC0-301F-11D3-BF4B-00C04F79EFBC}") = "Persona", "Persona\Persona.csproj", "{23B1EABA-5BA2-41B4-A2C1-A742ACC600A1}"
EndProject
Project("{FAE04EC0-301F-11D3-BF4B-00C04F79EFBC}") = "AdivinarNumero", "AdivinarNumero\AdivinarNumero.csproj", "{45292EBB-6B91-4458-BF4E-CEBC241A746A}"
EndProject
Project("{FAE04EC0-301F-11D3-BF4B-00C04F79EFBC}") = "ArraqueJuego", "ArraqueJuego\ArraqueJuego.csproj", "{BF5B46CC-077A-4FD3-935C-BD2155A15ECB}"
EndProject
Global
	GlobalSection(SolutionConfigurationPlatforms) = preSolution
		Debug|Any CPU = Debug|Any CPU
		Release|Any CPU = Release|Any CPU
	EndGlobalSection
	GlobalSection(ProjectConfigurationPlatforms) = postSolution
		{F42A31DD-DDEC-46AB-9122-3A7BC8D08044}.Debug|Any CPU.ActiveCfg = Debug|Any CPU
		{F42A31DD-DDEC-46AB-9122-3A7BC8D08044}.Debug|Any CPU.Build.0 = Debug|Any CPU
		{F42A31DD-DDEC-46AB-9122-3A7BC8D08044}.Release|Any CPU.ActiveCfg = Release|Any CPU
		{F42A31DD-DDEC-46AB-9122-3A7BC8D08044}.Release|Any CPU.Build.0 = Release|Any CPU
		{3D4BAB50-B6CC-4A49-857D-18753640E22C}.Debug|Any CPU.ActiveCfg = Debug|Any CPU
		{3D4BAB50-B6CC-4A49-857D-18753640E22C}.Debug|Any CPU.Build.0 = Debug|Any CPU
		{3D4BAB50-B6CC-4A49-857D-18753640E22C}.Release|Any CPU.ActiveCfg = Release|Any CPU
		{3D4BAB50-B6CC-4A49-857D-18753640E22C}.Release|Any CPU.Build.0 = Release|Any CPU
		{4896CBFA-88C0-41D0-9336-7575CB1B81F1}.Debug|Any CPU.ActiveCfg = Debug|Any CPU
		{4896CBFA-88C0-41D0-9336-7575CB1B81F1}.Debug|Any CPU.Build.0 = Debug|Any CPU
		{4896CBFA-88C0-41D0-9336-7575CB1B81F1}.Release|Any CPU.ActiveCfg = Release|Any CPU
		{4896CBFA-88C0-41D0-9336-7575CB1B81F1}.Release|Any CPU.Build.0 = Release|Any CPU
		{9FB667A2-6FD3-4F87-B79D-29A30AB3E1B6}.Debug|Any CPU.ActiveCfg = Debug|Any CPU
		{9FB667A2-6FD3-4F87-B79D-29A30AB3E1B6}.Debug|Any CPU.Build.0 = Debug|Any CPU
		{9FB667A2-6FD3-4F87-B79D-29A30AB3E1B6}.Release|Any CPU.ActiveCfg = Release|Any CPU
		{9FB667A2-6FD3-4F87-B79D-29A30AB3E1B6}.Release|Any CPU.Build.0 = Release|Any CPU
		{907B2123-1784-42CC-9392-EF6FB40B9BF2}.Debug|Any CPU.ActiveCfg = Debug|Any CPU
		{907B2123-1784-42CC-9392-EF6FB40B9BF2}.Debug|Any CPU.Build.0 = Debug|Any CPU
		{907B2123-1784-42CC-9392-EF6FB40B9BF2}.Release|Any CPU.ActiveCfg = Release|Any CPU
		{907B2123-1784-42CC-9392-EF6FB40B9BF2}.Release|Any CPU.Build.0 = Release|Any CPU
		{23B1EABA-5BA2-41B4-A2C1-A742ACC600A1}.Debug|Any CPU.ActiveCfg = Debug|Any CPU
		{23B1EABA-5BA2-41B4-A2C1-A742ACC600A1}.Debug|Any CPU.Build.0 = Debug|Any CPU
		{23B1EABA-5BA2-41B4-A2C1-A742ACC600A1}.Release|Any CPU.ActiveCfg = Release|Any CPU
		{23B1EABA-5BA2-41B4-A2C1-A742ACC600A1}.Release|Any CPU.Build.0 = Release|Any CPU
		{45292EBB-6B91-4458-BF4E-CEBC241A746A}.Debug|Any CPU.ActiveCfg = Debug|Any CPU
		{45292EBB-6B91-4458-BF4E-CEBC241A746A}.Debug|Any CPU.Build.0 = Debug|Any CPU
		{45292EBB-6B91-4458-BF4E-CEBC241A746A}.Release|Any CPU.ActiveCfg = Release|Any CPU
		{45292EBB-6B91-4458-BF4E-CEBC241A746A}.Release|Any CPU.Build.0 = Release|Any CPU
		{BF5B46CC-077A-4FD3-935C-BD2155A15ECB}.Debug|Any CPU.ActiveCfg = Debug|Any CPU
		{BF5B46CC-077A-4FD3-935C-BD2155A15ECB}.Debug|Any CPU.Build.0 = Debug|Any CPU
		{BF5B46CC-077A-4FD3-935C-BD2155A15ECB}.Release|Any CPU.ActiveCfg = Release|Any CPU
		{BF5B46CC-077A-4FD3-935C-BD2155A15ECB}.Release|Any CPU.Build.0 = Release|Any CPU
	EndGlobalSection
	GlobalSection(SolutionProperties) = preSolution
		HideSolutionNode = FALSE
	EndGlobalSection
EndGlobal
