
Microsoft Visual Studio Solution File, Format Version 12.00
# Visual Studio 2013
VisualStudioVersion = 12.0.31101.0
MinimumVisualStudioVersion = 10.0.40219.1
Project("{FAE04EC0-301F-11D3-BF4B-00C04F79EFBC}") = "Util", "Util\Util.csproj", "{45987244-470B-42BA-9E30-CB0F981466A6}"
EndProject
Project("{FAE04EC0-301F-11D3-BF4B-00C04F79EFBC}") = "Windows", "Windows\Windows.csproj", "{A1171878-EEDA-464B-97DF-A00949BF3D14}"
EndProject
Project("{FAE04EC0-301F-11D3-BF4B-00C04F79EFBC}") = "Consola", "Consola\Consola.csproj", "{A225890A-F0DD-46CF-A69A-E47E695DB2B9}"
EndProject
Project("{FAE04EC0-301F-11D3-BF4B-00C04F79EFBC}") = "Web", "Web\Web.csproj", "{ACB80D7B-3859-44C6-B27F-75FFB9987110}"
EndProject
Global
	GlobalSection(SolutionConfigurationPlatforms) = preSolution
		Debug|Any CPU = Debug|Any CPU
		Release|Any CPU = Release|Any CPU
	EndGlobalSection
	GlobalSection(ProjectConfigurationPlatforms) = postSolution
		{45987244-470B-42BA-9E30-CB0F981466A6}.Debug|Any CPU.ActiveCfg = Debug|Any CPU
		{45987244-470B-42BA-9E30-CB0F981466A6}.Debug|Any CPU.Build.0 = Debug|Any CPU
		{45987244-470B-42BA-9E30-CB0F981466A6}.Release|Any CPU.ActiveCfg = Release|Any CPU
		{45987244-470B-42BA-9E30-CB0F981466A6}.Release|Any CPU.Build.0 = Release|Any CPU
		{A1171878-EEDA-464B-97DF-A00949BF3D14}.Debug|Any CPU.ActiveCfg = Debug|Any CPU
		{A1171878-EEDA-464B-97DF-A00949BF3D14}.Debug|Any CPU.Build.0 = Debug|Any CPU
		{A1171878-EEDA-464B-97DF-A00949BF3D14}.Release|Any CPU.ActiveCfg = Release|Any CPU
		{A1171878-EEDA-464B-97DF-A00949BF3D14}.Release|Any CPU.Build.0 = Release|Any CPU
		{A225890A-F0DD-46CF-A69A-E47E695DB2B9}.Debug|Any CPU.ActiveCfg = Debug|Any CPU
		{A225890A-F0DD-46CF-A69A-E47E695DB2B9}.Debug|Any CPU.Build.0 = Debug|Any CPU
		{A225890A-F0DD-46CF-A69A-E47E695DB2B9}.Release|Any CPU.ActiveCfg = Release|Any CPU
		{A225890A-F0DD-46CF-A69A-E47E695DB2B9}.Release|Any CPU.Build.0 = Release|Any CPU
		{ACB80D7B-3859-44C6-B27F-75FFB9987110}.Debug|Any CPU.ActiveCfg = Debug|Any CPU
		{ACB80D7B-3859-44C6-B27F-75FFB9987110}.Debug|Any CPU.Build.0 = Debug|Any CPU
		{ACB80D7B-3859-44C6-B27F-75FFB9987110}.Release|Any CPU.ActiveCfg = Release|Any CPU
		{ACB80D7B-3859-44C6-B27F-75FFB9987110}.Release|Any CPU.Build.0 = Release|Any CPU
	EndGlobalSection
	GlobalSection(SolutionProperties) = preSolution
		HideSolutionNode = FALSE
	EndGlobalSection
EndGlobal
